
Microsoft Visual Studio Solution File, Format Version 12.00
# Visual Studio 15
VisualStudioVersion = 15.0.28307.645
MinimumVisualStudioVersion = 10.0.40219.1
Project("{2150E333-8FDC-42A3-9474-1A3956D46DE8}") = "Solution Items", "Solution Items", "{62DF3EFC-0D6F-41FE-9F24-AEFEA3E7A479}"
	ProjectSection(SolutionItems) = preProject
		DataScripts.sql = DataScripts.sql
	EndProjectSection
EndProject
Project("{FAE04EC0-301F-11D3-BF4B-00C04F79EFBC}") = "WorkOutBusinessLogic", "WorkOutBusinessLogic\WorkOutBusinessLogic.csproj", "{765D2C3F-263E-4546-9BDE-99B028C9A287}"
EndProject
Project("{FAE04EC0-301F-11D3-BF4B-00C04F79EFBC}") = "WorkOutBusinessLogic.test", "WorkOutBusinessLogic.test\WorkOutBusinessLogic.test.csproj", "{A45C9E72-0A38-42D6-A229-C6A3B88AC1D5}"
EndProject
Project("{FAE04EC0-301F-11D3-BF4B-00C04F79EFBC}") = "WorkOutWebAPI", "WorkOutWebAPI\WorkOutWebAPI.csproj", "{C9F68B0C-B741-40E0-A8A9-68E364DDCE11}"
EndProject
Project("{FAE04EC0-301F-11D3-BF4B-00C04F79EFBC}") = "WorkoutAngular", "WorkoutAngular\WorkoutAngular.csproj", "{BC64C854-8914-4DC9-BA11-79D817AA1201}"
EndProject
Global
	GlobalSection(SolutionConfigurationPlatforms) = preSolution
		Debug|Any CPU = Debug|Any CPU
		Release|Any CPU = Release|Any CPU
	EndGlobalSection
	GlobalSection(ProjectConfigurationPlatforms) = postSolution
		{765D2C3F-263E-4546-9BDE-99B028C9A287}.Debug|Any CPU.ActiveCfg = Debug|Any CPU
		{765D2C3F-263E-4546-9BDE-99B028C9A287}.Debug|Any CPU.Build.0 = Debug|Any CPU
		{765D2C3F-263E-4546-9BDE-99B028C9A287}.Release|Any CPU.ActiveCfg = Release|Any CPU
		{765D2C3F-263E-4546-9BDE-99B028C9A287}.Release|Any CPU.Build.0 = Release|Any CPU
		{A45C9E72-0A38-42D6-A229-C6A3B88AC1D5}.Debug|Any CPU.ActiveCfg = Debug|Any CPU
		{A45C9E72-0A38-42D6-A229-C6A3B88AC1D5}.Debug|Any CPU.Build.0 = Debug|Any CPU
		{A45C9E72-0A38-42D6-A229-C6A3B88AC1D5}.Release|Any CPU.ActiveCfg = Release|Any CPU
		{A45C9E72-0A38-42D6-A229-C6A3B88AC1D5}.Release|Any CPU.Build.0 = Release|Any CPU
		{C9F68B0C-B741-40E0-A8A9-68E364DDCE11}.Debug|Any CPU.ActiveCfg = Debug|Any CPU
		{C9F68B0C-B741-40E0-A8A9-68E364DDCE11}.Debug|Any CPU.Build.0 = Debug|Any CPU
		{C9F68B0C-B741-40E0-A8A9-68E364DDCE11}.Release|Any CPU.ActiveCfg = Release|Any CPU
		{C9F68B0C-B741-40E0-A8A9-68E364DDCE11}.Release|Any CPU.Build.0 = Release|Any CPU
		{BC64C854-8914-4DC9-BA11-79D817AA1201}.Debug|Any CPU.ActiveCfg = Debug|Any CPU
		{BC64C854-8914-4DC9-BA11-79D817AA1201}.Debug|Any CPU.Build.0 = Debug|Any CPU
		{BC64C854-8914-4DC9-BA11-79D817AA1201}.Release|Any CPU.ActiveCfg = Release|Any CPU
		{BC64C854-8914-4DC9-BA11-79D817AA1201}.Release|Any CPU.Build.0 = Release|Any CPU
	EndGlobalSection
	GlobalSection(SolutionProperties) = preSolution
		HideSolutionNode = FALSE
	EndGlobalSection
	GlobalSection(ExtensibilityGlobals) = postSolution
		SolutionGuid = {F449C1C3-C251-47C8-8EB7-4756056E10E4}
	EndGlobalSection
EndGlobal
